Microsoft Visual Studio Solution File, Format Version 8.00
Project("{8BC9CEB8-8B4A-11D0-8D11-00A0C91BC942}") = "PortForwarder", "PortForwarder.vcproj", "{E8BBCC82-B0E4-40BC-93CE-344B96717449}"
	ProjectSection(ProjectDependencies) = postProject
	EndProjectSection
EndProject
Global
	GlobalSection(SolutionConfiguration) = preSolution
		Debug = Debug
		Release = Release
	EndGlobalSection
	GlobalSection(ProjectConfiguration) = postSolution
		{E8BBCC82-B0E4-40BC-93CE-344B96717449}.Debug.ActiveCfg = Debug|Win32
		{E8BBCC82-B0E4-40BC-93CE-344B96717449}.Debug.Build.0 = Debug|Win32
		{E8BBCC82-B0E4-40BC-93CE-344B96717449}.Release.ActiveCfg = Release|Win32
		{E8BBCC82-B0E4-40BC-93CE-344B96717449}.Release.Build.0 = Release|Win32
	EndGlobalSection
	GlobalSection(ExtensibilityGlobals) = postSolution
	EndGlobalSection
	GlobalSection(ExtensibilityAddIns) = postSolution
	EndGlobalSection
EndGlobal
